
Microsoft Visual Studio Solution File, Format Version 12.00
# Visual Studio Version 17
VisualStudioVersion = 17.8.34309.116
MinimumVisualStudioVersion = 10.0.40219.1
Project("{2150E333-8FDC-42A3-9474-1A3956D46DE8}") = "Services", "Services", "{A3B0DD3B-B1B3-43B6-8908-C8B2EE741FD7}"
EndProject
Project("{2150E333-8FDC-42A3-9474-1A3956D46DE8}") = "ApiGateways", "ApiGateways", "{4CE435BC-23EE-4F50-84B7-36A593112F1F}"
EndProject
Project("{2150E333-8FDC-42A3-9474-1A3956D46DE8}") = "BuildingBlocks", "BuildingBlocks", "{1E200950-0B05-463B-8318-71EF3FB284CC}"
EndProject
Project("{2150E333-8FDC-42A3-9474-1A3956D46DE8}") = "Chat", "Chat", "{120580D3-CCA6-4D9A-9675-F3EE55514C9C}"
EndProject
Project("{2150E333-8FDC-42A3-9474-1A3956D46DE8}") = "IdentityServer", "IdentityServer", "{216F9988-7CF6-4688-9FC3-8426B181D2CF}"
EndProject
Project("{2150E333-8FDC-42A3-9474-1A3956D46DE8}") = "Notification", "Notification", "{A1A9A5BD-3576-4AEB-82F0-4ACB4EDDBF86}"
EndProject
Project("{2150E333-8FDC-42A3-9474-1A3956D46DE8}") = "Post", "Post", "{507371D0-9686-4FB9-9EA4-042F57B8A6E4}"
EndProject
Project("{2150E333-8FDC-42A3-9474-1A3956D46DE8}") = "User", "User", "{4E8286B5-CD9F-425F-8877-6E6B6A67C95F}"
EndProject
Project("{9A19103F-16F7-4668-BE54-9A1E7A4F7556}") = "Chat.Api", "Services\Chat.Api\Chat.Api.csproj", "{081B8B67-29B0-47FD-9468-A0323A07A6F2}"
EndProject
Project("{FAE04EC0-301F-11D3-BF4B-00C04F79EFBC}") = "Notification.Api", "Services\Notification.Api\Notification.Api.csproj", "{A64DEA38-07EB-4712-8880-6613949C7E90}"
EndProject
Project("{FAE04EC0-301F-11D3-BF4B-00C04F79EFBC}") = "Post.Api", "Services\Post.Api\Post.Api.csproj", "{185E54A1-4C3C-4781-A8E1-CC530700B3B9}"
EndProject
Project("{FAE04EC0-301F-11D3-BF4B-00C04F79EFBC}") = "User.Api", "Services\User.Api\User.Api.csproj", "{FC433E4C-B6AE-47E9-8C91-432EE66EE7D1}"
EndProject
Project("{FAE04EC0-301F-11D3-BF4B-00C04F79EFBC}") = "OcelotApiGw", "ApiGateways\OcelotApiGw\OcelotApiGw.csproj", "{110DB0C2-5F9D-4424-ACB7-24AA11C34A43}"
EndProject
Project("{9A19103F-16F7-4668-BE54-9A1E7A4F7556}") = "IdentityServer", "Services\IdentityServer\IdentityServer.csproj", "{F06A48EE-C8BC-4F87-9796-F7D6C6D27B21}"
EndProject
Project("{2150E333-8FDC-42A3-9474-1A3956D46DE8}") = "Solution Items", "Solution Items", "{865000B0-C8A1-4DDC-9AEA-EA1484BE06B5}"
	ProjectSection(SolutionItems) = preProject
		..\README.md = ..\README.md
	EndProjectSection
EndProject
Global
	GlobalSection(SolutionConfigurationPlatforms) = preSolution
		Debug|Any CPU = Debug|Any CPU
		Release|Any CPU = Release|Any CPU
	EndGlobalSection
	GlobalSection(ProjectConfigurationPlatforms) = postSolution
		{081B8B67-29B0-47FD-9468-A0323A07A6F2}.Debug|Any CPU.ActiveCfg = Debug|Any CPU
		{081B8B67-29B0-47FD-9468-A0323A07A6F2}.Debug|Any CPU.Build.0 = Debug|Any CPU
		{081B8B67-29B0-47FD-9468-A0323A07A6F2}.Release|Any CPU.ActiveCfg = Release|Any CPU
		{081B8B67-29B0-47FD-9468-A0323A07A6F2}.Release|Any CPU.Build.0 = Release|Any CPU
		{A64DEA38-07EB-4712-8880-6613949C7E90}.Debug|Any CPU.ActiveCfg = Debug|Any CPU
		{A64DEA38-07EB-4712-8880-6613949C7E90}.Debug|Any CPU.Build.0 = Debug|Any CPU
		{A64DEA38-07EB-4712-8880-6613949C7E90}.Release|Any CPU.ActiveCfg = Release|Any CPU
		{A64DEA38-07EB-4712-8880-6613949C7E90}.Release|Any CPU.Build.0 = Release|Any CPU
		{185E54A1-4C3C-4781-A8E1-CC530700B3B9}.Debug|Any CPU.ActiveCfg = Debug|Any CPU
		{185E54A1-4C3C-4781-A8E1-CC530700B3B9}.Debug|Any CPU.Build.0 = Debug|Any CPU
		{185E54A1-4C3C-4781-A8E1-CC530700B3B9}.Release|Any CPU.ActiveCfg = Release|Any CPU
		{185E54A1-4C3C-4781-A8E1-CC530700B3B9}.Release|Any CPU.Build.0 = Release|Any CPU
		{FC433E4C-B6AE-47E9-8C91-432EE66EE7D1}.Debug|Any CPU.ActiveCfg = Debug|Any CPU
		{FC433E4C-B6AE-47E9-8C91-432EE66EE7D1}.Debug|Any CPU.Build.0 = Debug|Any CPU
		{FC433E4C-B6AE-47E9-8C91-432EE66EE7D1}.Release|Any CPU.ActiveCfg = Release|Any CPU
		{FC433E4C-B6AE-47E9-8C91-432EE66EE7D1}.Release|Any CPU.Build.0 = Release|Any CPU
		{110DB0C2-5F9D-4424-ACB7-24AA11C34A43}.Debug|Any CPU.ActiveCfg = Debug|Any CPU
		{110DB0C2-5F9D-4424-ACB7-24AA11C34A43}.Debug|Any CPU.Build.0 = Debug|Any CPU
		{110DB0C2-5F9D-4424-ACB7-24AA11C34A43}.Release|Any CPU.ActiveCfg = Release|Any CPU
		{110DB0C2-5F9D-4424-ACB7-24AA11C34A43}.Release|Any CPU.Build.0 = Release|Any CPU
		{F06A48EE-C8BC-4F87-9796-F7D6C6D27B21}.Debug|Any CPU.ActiveCfg = Debug|Any CPU
		{F06A48EE-C8BC-4F87-9796-F7D6C6D27B21}.Debug|Any CPU.Build.0 = Debug|Any CPU
		{F06A48EE-C8BC-4F87-9796-F7D6C6D27B21}.Release|Any CPU.ActiveCfg = Release|Any CPU
		{F06A48EE-C8BC-4F87-9796-F7D6C6D27B21}.Release|Any CPU.Build.0 = Release|Any CPU
	EndGlobalSection
	GlobalSection(SolutionProperties) = preSolution
		HideSolutionNode = FALSE
	EndGlobalSection
	GlobalSection(NestedProjects) = preSolution
		{120580D3-CCA6-4D9A-9675-F3EE55514C9C} = {A3B0DD3B-B1B3-43B6-8908-C8B2EE741FD7}
		{216F9988-7CF6-4688-9FC3-8426B181D2CF} = {A3B0DD3B-B1B3-43B6-8908-C8B2EE741FD7}
		{A1A9A5BD-3576-4AEB-82F0-4ACB4EDDBF86} = {A3B0DD3B-B1B3-43B6-8908-C8B2EE741FD7}
		{507371D0-9686-4FB9-9EA4-042F57B8A6E4} = {A3B0DD3B-B1B3-43B6-8908-C8B2EE741FD7}
		{4E8286B5-CD9F-425F-8877-6E6B6A67C95F} = {A3B0DD3B-B1B3-43B6-8908-C8B2EE741FD7}
		{081B8B67-29B0-47FD-9468-A0323A07A6F2} = {120580D3-CCA6-4D9A-9675-F3EE55514C9C}
		{A64DEA38-07EB-4712-8880-6613949C7E90} = {A1A9A5BD-3576-4AEB-82F0-4ACB4EDDBF86}
		{185E54A1-4C3C-4781-A8E1-CC530700B3B9} = {507371D0-9686-4FB9-9EA4-042F57B8A6E4}
		{FC433E4C-B6AE-47E9-8C91-432EE66EE7D1} = {4E8286B5-CD9F-425F-8877-6E6B6A67C95F}
		{110DB0C2-5F9D-4424-ACB7-24AA11C34A43} = {4CE435BC-23EE-4F50-84B7-36A593112F1F}
		{F06A48EE-C8BC-4F87-9796-F7D6C6D27B21} = {216F9988-7CF6-4688-9FC3-8426B181D2CF}
	EndGlobalSection
	GlobalSection(ExtensibilityGlobals) = postSolution
		SolutionGuid = {588B5EBD-5747-4646-B30A-50F70AB88BA3}
	EndGlobalSection
EndGlobal
