
Microsoft Visual Studio Solution File, Format Version 12.00
# Visual Studio Version 17
VisualStudioVersion = 17.8.34309.116
MinimumVisualStudioVersion = 10.0.40219.1
Project("{2150E333-8FDC-42A3-9474-1A3956D46DE8}") = "Services", "Services", "{A3B0DD3B-B1B3-43B6-8908-C8B2EE741FD7}"
EndProject
Project("{2150E333-8FDC-42A3-9474-1A3956D46DE8}") = "ApiGateways", "ApiGateways", "{4CE435BC-23EE-4F50-84B7-36A593112F1F}"
EndProject
Project("{2150E333-8FDC-42A3-9474-1A3956D46DE8}") = "BuildingBlocks", "BuildingBlocks", "{1E200950-0B05-463B-8318-71EF3FB284CC}"
EndProject
Project("{2150E333-8FDC-42A3-9474-1A3956D46DE8}") = "Chat", "Chat", "{120580D3-CCA6-4D9A-9675-F3EE55514C9C}"
EndProject
Project("{2150E333-8FDC-42A3-9474-1A3956D46DE8}") = "IdentityServer", "IdentityServer", "{216F9988-7CF6-4688-9FC3-8426B181D2CF}"
EndProject
Project("{2150E333-8FDC-42A3-9474-1A3956D46DE8}") = "Notification", "Notification", "{A1A9A5BD-3576-4AEB-82F0-4ACB4EDDBF86}"
EndProject
Project("{2150E333-8FDC-42A3-9474-1A3956D46DE8}") = "Post", "Post", "{507371D0-9686-4FB9-9EA4-042F57B8A6E4}"
EndProject
Project("{2150E333-8FDC-42A3-9474-1A3956D46DE8}") = "User", "User", "{4E8286B5-CD9F-425F-8877-6E6B6A67C95F}"
EndProject
Project("{9A19103F-16F7-4668-BE54-9A1E7A4F7556}") = "Chat.Api", "Services\Chat.Api\Chat.Api.csproj", "{081B8B67-29B0-47FD-9468-A0323A07A6F2}"
EndProject
Project("{9A19103F-16F7-4668-BE54-9A1E7A4F7556}") = "Notification.Api", "Services\Notification.Api\Notification.Api.csproj", "{A64DEA38-07EB-4712-8880-6613949C7E90}"
EndProject
Project("{9A19103F-16F7-4668-BE54-9A1E7A4F7556}") = "OcelotApiGw", "ApiGateways\OcelotApiGw\OcelotApiGw.csproj", "{110DB0C2-5F9D-4424-ACB7-24AA11C34A43}"
EndProject
Project("{9A19103F-16F7-4668-BE54-9A1E7A4F7556}") = "IdentityServer", "Services\IdentityServer\IdentityServer.csproj", "{F06A48EE-C8BC-4F87-9796-F7D6C6D27B21}"
EndProject
Project("{2150E333-8FDC-42A3-9474-1A3956D46DE8}") = "Solution Items", "Solution Items", "{865000B0-C8A1-4DDC-9AEA-EA1484BE06B5}"
	ProjectSection(SolutionItems) = preProject
		docker-compose.override.yml = docker-compose.override.yml
		docker-compose.yml = docker-compose.yml
		..\README.md = ..\README.md
	EndProjectSection
EndProject
Project("{9A19103F-16F7-4668-BE54-9A1E7A4F7556}") = "Post.Api", "Services\Post\Post.Api\Post.Api.csproj", "{12E28C91-70ED-4660-8EBC-40864161C401}"
EndProject
Project("{9A19103F-16F7-4668-BE54-9A1E7A4F7556}") = "Post.Application", "Services\Post\Post.Application\Post.Application.csproj", "{BEC78038-706A-41C1-A968-F9B6EC6DD4BC}"
EndProject
Project("{9A19103F-16F7-4668-BE54-9A1E7A4F7556}") = "Post.Domain", "Services\Post\Post.Domain\Post.Domain.csproj", "{5C7C0AEF-27C4-401C-B8E8-EB80DD3CBF02}"
EndProject
Project("{9A19103F-16F7-4668-BE54-9A1E7A4F7556}") = "Post.Infrastructure", "Services\Post\Post.Infrastructure\Post.Infrastructure.csproj", "{3ACC86D0-340D-4B9E-96FA-B752897C46A3}"
EndProject
Project("{9A19103F-16F7-4668-BE54-9A1E7A4F7556}") = "Common.Logging", "BuildingBlocks\Common.Logging\Common.Logging.csproj", "{22A8322B-7828-4680-A53F-4D6915CBA055}"
EndProject
Project("{9A19103F-16F7-4668-BE54-9A1E7A4F7556}") = "Contracts", "BuildingBlocks\Contracts\Contracts.csproj", "{F3C676A4-BD9F-47CD-A7C4-FE662EDAC7E2}"
EndProject
Project("{9A19103F-16F7-4668-BE54-9A1E7A4F7556}") = "EventBus.Messages", "BuildingBlocks\EventBus.Messages\EventBus.Messages.csproj", "{3BACE5B3-83F4-4883-94B9-94146874688E}"
EndProject
Project("{9A19103F-16F7-4668-BE54-9A1E7A4F7556}") = "Infrastructure", "BuildingBlocks\Infrastructure\Infrastructure.csproj", "{080D6CCB-3A9A-4A43-A227-D3807DAF42F5}"
EndProject
Project("{9A19103F-16F7-4668-BE54-9A1E7A4F7556}") = "Shared", "BuildingBlocks\Shared\Shared.csproj", "{1082C68A-90FC-4698-9483-14C16405FED4}"
EndProject
Project("{9A19103F-16F7-4668-BE54-9A1E7A4F7556}") = "User.Api", "Services\User\User.Api\User.Api.csproj", "{B3460133-916E-4137-9694-FE825D8561E2}"
EndProject
Project("{9A19103F-16F7-4668-BE54-9A1E7A4F7556}") = "User.Grpc", "Services\User\User.Grpc\User.Grpc.csproj", "{5F0216FA-2FD0-4CCB-A7E5-0797CFA7B81F}"
EndProject
Project("{FAE04EC0-301F-11D3-BF4B-00C04F79EFBC}") = "ConsoleApp1", "ConsoleApp1\ConsoleApp1.csproj", "{39563AD9-FA1E-48CA-85AA-EBB20FAFC9A9}"
EndProject
Global
	GlobalSection(SolutionConfigurationPlatforms) = preSolution
		Debug|Any CPU = Debug|Any CPU
		Release|Any CPU = Release|Any CPU
	EndGlobalSection
	GlobalSection(ProjectConfigurationPlatforms) = postSolution
		{081B8B67-29B0-47FD-9468-A0323A07A6F2}.Debug|Any CPU.ActiveCfg = Debug|Any CPU
		{081B8B67-29B0-47FD-9468-A0323A07A6F2}.Debug|Any CPU.Build.0 = Debug|Any CPU
		{081B8B67-29B0-47FD-9468-A0323A07A6F2}.Release|Any CPU.ActiveCfg = Release|Any CPU
		{081B8B67-29B0-47FD-9468-A0323A07A6F2}.Release|Any CPU.Build.0 = Release|Any CPU
		{A64DEA38-07EB-4712-8880-6613949C7E90}.Debug|Any CPU.ActiveCfg = Debug|Any CPU
		{A64DEA38-07EB-4712-8880-6613949C7E90}.Debug|Any CPU.Build.0 = Debug|Any CPU
		{A64DEA38-07EB-4712-8880-6613949C7E90}.Release|Any CPU.ActiveCfg = Release|Any CPU
		{A64DEA38-07EB-4712-8880-6613949C7E90}.Release|Any CPU.Build.0 = Release|Any CPU
		{110DB0C2-5F9D-4424-ACB7-24AA11C34A43}.Debug|Any CPU.ActiveCfg = Debug|Any CPU
		{110DB0C2-5F9D-4424-ACB7-24AA11C34A43}.Debug|Any CPU.Build.0 = Debug|Any CPU
		{110DB0C2-5F9D-4424-ACB7-24AA11C34A43}.Release|Any CPU.ActiveCfg = Release|Any CPU
		{110DB0C2-5F9D-4424-ACB7-24AA11C34A43}.Release|Any CPU.Build.0 = Release|Any CPU
		{F06A48EE-C8BC-4F87-9796-F7D6C6D27B21}.Debug|Any CPU.ActiveCfg = Debug|Any CPU
		{F06A48EE-C8BC-4F87-9796-F7D6C6D27B21}.Debug|Any CPU.Build.0 = Debug|Any CPU
		{F06A48EE-C8BC-4F87-9796-F7D6C6D27B21}.Release|Any CPU.ActiveCfg = Release|Any CPU
		{F06A48EE-C8BC-4F87-9796-F7D6C6D27B21}.Release|Any CPU.Build.0 = Release|Any CPU
		{12E28C91-70ED-4660-8EBC-40864161C401}.Debug|Any CPU.ActiveCfg = Debug|Any CPU
		{12E28C91-70ED-4660-8EBC-40864161C401}.Debug|Any CPU.Build.0 = Debug|Any CPU
		{12E28C91-70ED-4660-8EBC-40864161C401}.Release|Any CPU.ActiveCfg = Release|Any CPU
		{12E28C91-70ED-4660-8EBC-40864161C401}.Release|Any CPU.Build.0 = Release|Any CPU
		{BEC78038-706A-41C1-A968-F9B6EC6DD4BC}.Debug|Any CPU.ActiveCfg = Debug|Any CPU
		{BEC78038-706A-41C1-A968-F9B6EC6DD4BC}.Debug|Any CPU.Build.0 = Debug|Any CPU
		{BEC78038-706A-41C1-A968-F9B6EC6DD4BC}.Release|Any CPU.ActiveCfg = Release|Any CPU
		{BEC78038-706A-41C1-A968-F9B6EC6DD4BC}.Release|Any CPU.Build.0 = Release|Any CPU
		{5C7C0AEF-27C4-401C-B8E8-EB80DD3CBF02}.Debug|Any CPU.ActiveCfg = Debug|Any CPU
		{5C7C0AEF-27C4-401C-B8E8-EB80DD3CBF02}.Debug|Any CPU.Build.0 = Debug|Any CPU
		{5C7C0AEF-27C4-401C-B8E8-EB80DD3CBF02}.Release|Any CPU.ActiveCfg = Release|Any CPU
		{5C7C0AEF-27C4-401C-B8E8-EB80DD3CBF02}.Release|Any CPU.Build.0 = Release|Any CPU
		{3ACC86D0-340D-4B9E-96FA-B752897C46A3}.Debug|Any CPU.ActiveCfg = Debug|Any CPU
		{3ACC86D0-340D-4B9E-96FA-B752897C46A3}.Debug|Any CPU.Build.0 = Debug|Any CPU
		{3ACC86D0-340D-4B9E-96FA-B752897C46A3}.Release|Any CPU.ActiveCfg = Release|Any CPU
		{3ACC86D0-340D-4B9E-96FA-B752897C46A3}.Release|Any CPU.Build.0 = Release|Any CPU
		{22A8322B-7828-4680-A53F-4D6915CBA055}.Debug|Any CPU.ActiveCfg = Debug|Any CPU
		{22A8322B-7828-4680-A53F-4D6915CBA055}.Debug|Any CPU.Build.0 = Debug|Any CPU
		{22A8322B-7828-4680-A53F-4D6915CBA055}.Release|Any CPU.ActiveCfg = Release|Any CPU
		{22A8322B-7828-4680-A53F-4D6915CBA055}.Release|Any CPU.Build.0 = Release|Any CPU
		{F3C676A4-BD9F-47CD-A7C4-FE662EDAC7E2}.Debug|Any CPU.ActiveCfg = Debug|Any CPU
		{F3C676A4-BD9F-47CD-A7C4-FE662EDAC7E2}.Debug|Any CPU.Build.0 = Debug|Any CPU
		{F3C676A4-BD9F-47CD-A7C4-FE662EDAC7E2}.Release|Any CPU.ActiveCfg = Release|Any CPU
		{F3C676A4-BD9F-47CD-A7C4-FE662EDAC7E2}.Release|Any CPU.Build.0 = Release|Any CPU
		{3BACE5B3-83F4-4883-94B9-94146874688E}.Debug|Any CPU.ActiveCfg = Debug|Any CPU
		{3BACE5B3-83F4-4883-94B9-94146874688E}.Debug|Any CPU.Build.0 = Debug|Any CPU
		{3BACE5B3-83F4-4883-94B9-94146874688E}.Release|Any CPU.ActiveCfg = Release|Any CPU
		{3BACE5B3-83F4-4883-94B9-94146874688E}.Release|Any CPU.Build.0 = Release|Any CPU
		{080D6CCB-3A9A-4A43-A227-D3807DAF42F5}.Debug|Any CPU.ActiveCfg = Debug|Any CPU
		{080D6CCB-3A9A-4A43-A227-D3807DAF42F5}.Debug|Any CPU.Build.0 = Debug|Any CPU
		{080D6CCB-3A9A-4A43-A227-D3807DAF42F5}.Release|Any CPU.ActiveCfg = Release|Any CPU
		{080D6CCB-3A9A-4A43-A227-D3807DAF42F5}.Release|Any CPU.Build.0 = Release|Any CPU
		{1082C68A-90FC-4698-9483-14C16405FED4}.Debug|Any CPU.ActiveCfg = Debug|Any CPU
		{1082C68A-90FC-4698-9483-14C16405FED4}.Debug|Any CPU.Build.0 = Debug|Any CPU
		{1082C68A-90FC-4698-9483-14C16405FED4}.Release|Any CPU.ActiveCfg = Release|Any CPU
		{1082C68A-90FC-4698-9483-14C16405FED4}.Release|Any CPU.Build.0 = Release|Any CPU
		{B3460133-916E-4137-9694-FE825D8561E2}.Debug|Any CPU.ActiveCfg = Debug|Any CPU
		{B3460133-916E-4137-9694-FE825D8561E2}.Debug|Any CPU.Build.0 = Debug|Any CPU
		{B3460133-916E-4137-9694-FE825D8561E2}.Release|Any CPU.ActiveCfg = Release|Any CPU
		{B3460133-916E-4137-9694-FE825D8561E2}.Release|Any CPU.Build.0 = Release|Any CPU
		{5F0216FA-2FD0-4CCB-A7E5-0797CFA7B81F}.Debug|Any CPU.ActiveCfg = Debug|Any CPU
		{5F0216FA-2FD0-4CCB-A7E5-0797CFA7B81F}.Debug|Any CPU.Build.0 = Debug|Any CPU
		{5F0216FA-2FD0-4CCB-A7E5-0797CFA7B81F}.Release|Any CPU.ActiveCfg = Release|Any CPU
		{5F0216FA-2FD0-4CCB-A7E5-0797CFA7B81F}.Release|Any CPU.Build.0 = Release|Any CPU
		{39563AD9-FA1E-48CA-85AA-EBB20FAFC9A9}.Debug|Any CPU.ActiveCfg = Debug|Any CPU
		{39563AD9-FA1E-48CA-85AA-EBB20FAFC9A9}.Debug|Any CPU.Build.0 = Debug|Any CPU
		{39563AD9-FA1E-48CA-85AA-EBB20FAFC9A9}.Release|Any CPU.ActiveCfg = Release|Any CPU
		{39563AD9-FA1E-48CA-85AA-EBB20FAFC9A9}.Release|Any CPU.Build.0 = Release|Any CPU
	EndGlobalSection
	GlobalSection(SolutionProperties) = preSolution
		HideSolutionNode = FALSE
	EndGlobalSection
	GlobalSection(NestedProjects) = preSolution
		{120580D3-CCA6-4D9A-9675-F3EE55514C9C} = {A3B0DD3B-B1B3-43B6-8908-C8B2EE741FD7}
		{216F9988-7CF6-4688-9FC3-8426B181D2CF} = {A3B0DD3B-B1B3-43B6-8908-C8B2EE741FD7}
		{A1A9A5BD-3576-4AEB-82F0-4ACB4EDDBF86} = {A3B0DD3B-B1B3-43B6-8908-C8B2EE741FD7}
		{507371D0-9686-4FB9-9EA4-042F57B8A6E4} = {A3B0DD3B-B1B3-43B6-8908-C8B2EE741FD7}
		{4E8286B5-CD9F-425F-8877-6E6B6A67C95F} = {A3B0DD3B-B1B3-43B6-8908-C8B2EE741FD7}
		{081B8B67-29B0-47FD-9468-A0323A07A6F2} = {120580D3-CCA6-4D9A-9675-F3EE55514C9C}
		{A64DEA38-07EB-4712-8880-6613949C7E90} = {A1A9A5BD-3576-4AEB-82F0-4ACB4EDDBF86}
		{110DB0C2-5F9D-4424-ACB7-24AA11C34A43} = {4CE435BC-23EE-4F50-84B7-36A593112F1F}
		{F06A48EE-C8BC-4F87-9796-F7D6C6D27B21} = {216F9988-7CF6-4688-9FC3-8426B181D2CF}
		{12E28C91-70ED-4660-8EBC-40864161C401} = {507371D0-9686-4FB9-9EA4-042F57B8A6E4}
		{BEC78038-706A-41C1-A968-F9B6EC6DD4BC} = {507371D0-9686-4FB9-9EA4-042F57B8A6E4}
		{5C7C0AEF-27C4-401C-B8E8-EB80DD3CBF02} = {507371D0-9686-4FB9-9EA4-042F57B8A6E4}
		{3ACC86D0-340D-4B9E-96FA-B752897C46A3} = {507371D0-9686-4FB9-9EA4-042F57B8A6E4}
		{22A8322B-7828-4680-A53F-4D6915CBA055} = {1E200950-0B05-463B-8318-71EF3FB284CC}
		{F3C676A4-BD9F-47CD-A7C4-FE662EDAC7E2} = {1E200950-0B05-463B-8318-71EF3FB284CC}
		{3BACE5B3-83F4-4883-94B9-94146874688E} = {1E200950-0B05-463B-8318-71EF3FB284CC}
		{080D6CCB-3A9A-4A43-A227-D3807DAF42F5} = {1E200950-0B05-463B-8318-71EF3FB284CC}
		{1082C68A-90FC-4698-9483-14C16405FED4} = {1E200950-0B05-463B-8318-71EF3FB284CC}
		{B3460133-916E-4137-9694-FE825D8561E2} = {4E8286B5-CD9F-425F-8877-6E6B6A67C95F}
		{5F0216FA-2FD0-4CCB-A7E5-0797CFA7B81F} = {4E8286B5-CD9F-425F-8877-6E6B6A67C95F}
	EndGlobalSection
	GlobalSection(ExtensibilityGlobals) = postSolution
		SolutionGuid = {588B5EBD-5747-4646-B30A-50F70AB88BA3}
	EndGlobalSection
EndGlobal
